
Microsoft Visual Studio Solution File, Format Version 12.00
# Visual Studio 15
VisualStudioVersion = 15.0.28307.168
MinimumVisualStudioVersion = 10.0.40219.1
Project("{FAE04EC0-301F-11D3-BF4B-00C04F79EFBC}") = "JeuDeRole", "JeuDeRole\JeuDeRole.csproj", "{32B1D5FA-9FEF-44FC-BB08-89CC70D64A14}"
EndProject
Global
	GlobalSection(SolutionConfigurationPlatforms) = preSolution
		Debug|Any CPU = Debug|Any CPU
		Release|Any CPU = Release|Any CPU
	EndGlobalSection
	GlobalSection(ProjectConfigurationPlatforms) = postSolution
		{32B1D5FA-9FEF-44FC-BB08-89CC70D64A14}.Debug|Any CPU.ActiveCfg = Debug|Any CPU
		{32B1D5FA-9FEF-44FC-BB08-89CC70D64A14}.Debug|Any CPU.Build.0 = Debug|Any CPU
		{32B1D5FA-9FEF-44FC-BB08-89CC70D64A14}.Release|Any CPU.ActiveCfg = Release|Any CPU
		{32B1D5FA-9FEF-44FC-BB08-89CC70D64A14}.Release|Any CPU.Build.0 = Release|Any CPU
	EndGlobalSection
	GlobalSection(SolutionProperties) = preSolution
		HideSolutionNode = FALSE
	EndGlobalSection
	GlobalSection(ExtensibilityGlobals) = postSolution
		SolutionGuid = {59FC18E6-6A1F-48AE-8812-7554D78DF085}
	EndGlobalSection
EndGlobal
